
Microsoft Visual Studio Solution File, Format Version 12.00
# Visual Studio 15
Project("{FAE04EC0-301F-11D3-BF4B-00C04F79EFBC}") = "Assembly-CSharp", "Assembly-CSharp.csproj", "{FECE1717-C8D4-C167-0EC1-98E702BE8BF1}"
EndProject
Global
	GlobalSection(SolutionConfigurationPlatforms) = preSolution
		Debug|Any CPU = Debug|Any CPU
		Release|Any CPU = Release|Any CPU
	EndGlobalSection
	GlobalSection(ProjectConfigurationPlatforms) = postSolution
		{FECE1717-C8D4-C167-0EC1-98E702BE8BF1}.Debug|Any CPU.ActiveCfg = Debug|Any CPU
		{FECE1717-C8D4-C167-0EC1-98E702BE8BF1}.Debug|Any CPU.Build.0 = Debug|Any CPU
		{FECE1717-C8D4-C167-0EC1-98E702BE8BF1}.Release|Any CPU.ActiveCfg = Release|Any CPU
		{FECE1717-C8D4-C167-0EC1-98E702BE8BF1}.Release|Any CPU.Build.0 = Release|Any CPU
	EndGlobalSection
	GlobalSection(SolutionProperties) = preSolution
		HideSolutionNode = FALSE
	EndGlobalSection
EndGlobal
